// !$*UTF8*$!
{
	archiveVersion = 1;
	classes = {
	};
	objectVersion = 77;
	objects = {

/* Begin PBXBuildFile section */
		0408D1612E32C7820089742A /* LottieWrapper in Frameworks */ = {isa = PBXBuildFile; productRef = 0408D1602E32C7820089742A /* LottieWrapper */; };
		04D427562E3394EB00D65CC2 /* PieChart in Frameworks */ = {isa = PBXBuildFile; productRef = 04D427552E3394EB00D65CC2 /* PieChart */; };
/* End PBXBuildFile section */

/* Begin PBXContainerItemProxy section */
		04E791262DF362F40069CBB9 /* PBXContainerItemProxy */ = {
			isa = PBXContainerItemProxy;
			containerPortal = 04E791092DF362F10069CBB9 /* Project object */;
			proxyType = 1;
			remoteGlobalIDString = 04E791102DF362F10069CBB9;
			remoteInfo = YAccounting;
		};
		04E791302DF362F40069CBB9 /* PBXContainerItemProxy */ = {
			isa = PBXContainerItemProxy;
			containerPortal = 04E791092DF362F10069CBB9 /* Project object */;
			proxyType = 1;
			remoteGlobalIDString = 04E791102DF362F10069CBB9;
			remoteInfo = YAccounting;
		};
/* End PBXContainerItemProxy section */

/* Begin PBXFileReference section */
		04E791112DF362F10069CBB9 /* YAccounting.app */ = {isa = PBXFileReference; explicitFileType = wrapper.application; includeInIndex = 0; path = YAccounting.app; sourceTree = BUILT_PRODUCTS_DIR; };
		04E791252DF362F40069CBB9 /* YAccountingTests.xctest */ = {isa = PBXFileReference; explicitFileType = wrapper.cfbundle; includeInIndex = 0; path = YAccountingTests.xctest; sourceTree = BUILT_PRODUCTS_DIR; };
		04E7912F2DF362F40069CBB9 /* YAccountingUITests.xctest */ = {isa = PBXFileReference; explicitFileType = wrapper.cfbundle; includeInIndex = 0; path = YAccountingUITests.xctest; sourceTree = BUILT_PRODUCTS_DIR; };
/* End PBXFileReference section */

/* Begin PBXFileSystemSynchronizedBuildFileExceptionSet section */
		04E791612DF373FC0069CBB9 /* Exceptions for "YAccounting" folder in "YAccounting" target */ = {
			isa = PBXFileSystemSynchronizedBuildFileExceptionSet;
			membershipExceptions = (
				Info.plist,
			);
			target = 04E791102DF362F10069CBB9 /* YAccounting */;
		};
/* End PBXFileSystemSynchronizedBuildFileExceptionSet section */

/* Begin PBXFileSystemSynchronizedRootGroup section */
		04E791282DF362F40069CBB9 /* YAccountingTests */ = {
			isa = PBXFileSystemSynchronizedRootGroup;
			path = YAccountingTests;
			sourceTree = "<group>";
		};
		04E791322DF362F40069CBB9 /* YAccountingUITests */ = {
			isa = PBXFileSystemSynchronizedRootGroup;
			path = YAccountingUITests;
			sourceTree = "<group>";
		};
		04E7915B2DF373FB0069CBB9 /* YAccounting */ = {
			isa = PBXFileSystemSynchronizedRootGroup;
			exceptions = (
				04E791612DF373FC0069CBB9 /* Exceptions for "YAccounting" folder in "YAccounting" target */,
			);
			path = YAccounting;
			sourceTree = "<group>";
		};
/* End PBXFileSystemSynchronizedRootGroup section */

/* Begin PBXFrameworksBuildPhase section */
		04E7910E2DF362F10069CBB9 /* Frameworks */ = {
			isa = PBXFrameworksBuildPhase;
			buildActionMask = 2147483647;
			files = (
				04D427562E3394EB00D65CC2 /* PieChart in Frameworks */,
				0408D1612E32C7820089742A /* LottieWrapper in Frameworks */,
			);
			runOnlyForDeploymentPostprocessing = 0;
		};
		04E791222DF362F40069CBB9 /* Frameworks */ = {
			isa = PBXFrameworksBuildPhase;
			buildActionMask = 2147483647;
			files = (
			);
			runOnlyForDeploymentPostprocessing = 0;
		};
		04E7912C2DF362F40069CBB9 /* Frameworks */ = {
			isa = PBXFrameworksBuildPhase;
			buildActionMask = 2147483647;
			files = (
			);
			runOnlyForDeploymentPostprocessing = 0;
		};
/* End PBXFrameworksBuildPhase section */

/* Begin PBXGroup section */
		04E791082DF362F10069CBB9 = {
			isa = PBXGroup;
			children = (
				04E7915B2DF373FB0069CBB9 /* YAccounting */,
				04E791282DF362F40069CBB9 /* YAccountingTests */,
				04E791322DF362F40069CBB9 /* YAccountingUITests */,
				04E791122DF362F10069CBB9 /* Products */,
			);
			sourceTree = "<group>";
		};
		04E791122DF362F10069CBB9 /* Products */ = {
			isa = PBXGroup;
			children = (
				04E791112DF362F10069CBB9 /* YAccounting.app */,
				04E791252DF362F40069CBB9 /* YAccountingTests.xctest */,
				04E7912F2DF362F40069CBB9 /* YAccountingUITests.xctest */,
			);
			name = Products;
			sourceTree = "<group>";
		};
/* End PBXGroup section */

/* Begin PBXNativeTarget section */
		04E791102DF362F10069CBB9 /* YAccounting */ = {
			isa = PBXNativeTarget;
			buildConfigurationList = 04E791382DF362F40069CBB9 /* Build configuration list for PBXNativeTarget "YAccounting" */;
			buildPhases = (
				04E7910D2DF362F10069CBB9 /* Sources */,
				04E7910E2DF362F10069CBB9 /* Frameworks */,
				04E7910F2DF362F10069CBB9 /* Resources */,
			);
			buildRules = (
			);
			dependencies = (
			);
			fileSystemSynchronizedGroups = (
				04E7915B2DF373FB0069CBB9 /* YAccounting */,
			);
			name = YAccounting;
			packageProductDependencies = (
				0408D1602E32C7820089742A /* LottieWrapper */,
				04D427552E3394EB00D65CC2 /* PieChart */,
			);
			productName = YAccounting;
			productReference = 04E791112DF362F10069CBB9 /* YAccounting.app */;
			productType = "com.apple.product-type.application";
		};
		04E791242DF362F40069CBB9 /* YAccountingTests */ = {
			isa = PBXNativeTarget;
			buildConfigurationList = 04E7913D2DF362F40069CBB9 /* Build configuration list for PBXNativeTarget "YAccountingTests" */;
			buildPhases = (
				04E791212DF362F40069CBB9 /* Sources */,
				04E791222DF362F40069CBB9 /* Frameworks */,
				04E791232DF362F40069CBB9 /* Resources */,
			);
			buildRules = (
			);
			dependencies = (
				04E791272DF362F40069CBB9 /* PBXTargetDependency */,
			);
			fileSystemSynchronizedGroups = (
				04E791282DF362F40069CBB9 /* YAccountingTests */,
			);
			name = YAccountingTests;
			packageProductDependencies = (
			);
			productName = YAccountingTests;
			productReference = 04E791252DF362F40069CBB9 /* YAccountingTests.xctest */;
			productType = "com.apple.product-type.bundle.unit-test";
		};
		04E7912E2DF362F40069CBB9 /* YAccountingUITests */ = {
			isa = PBXNativeTarget;
			buildConfigurationList = 04E791402DF362F40069CBB9 /* Build configuration list for PBXNativeTarget "YAccountingUITests" */;
			buildPhases = (
				04E7912B2DF362F40069CBB9 /* Sources */,
				04E7912C2DF362F40069CBB9 /* Frameworks */,
				04E7912D2DF362F40069CBB9 /* Resources */,
			);
			buildRules = (
			);
			dependencies = (
				04E791312DF362F40069CBB9 /* PBXTargetDependency */,
			);
			fileSystemSynchronizedGroups = (
				04E791322DF362F40069CBB9 /* YAccountingUITests */,
			);
			name = YAccountingUITests;
			packageProductDependencies = (
			);
			productName = YAccountingUITests;
			productReference = 04E7912F2DF362F40069CBB9 /* YAccountingUITests.xctest */;
			productType = "com.apple.product-type.bundle.ui-testing";
		};
/* End PBXNativeTarget section */

/* Begin PBXProject section */
		04E791092DF362F10069CBB9 /* Project object */ = {
			isa = PBXProject;
			attributes = {
				BuildIndependentTargetsInParallel = 1;
				LastSwiftUpdateCheck = 1620;
				LastUpgradeCheck = 1620;
				TargetAttributes = {
					04E791102DF362F10069CBB9 = {
						CreatedOnToolsVersion = 16.2;
					};
					04E791242DF362F40069CBB9 = {
						CreatedOnToolsVersion = 16.2;
						TestTargetID = 04E791102DF362F10069CBB9;
					};
					04E7912E2DF362F40069CBB9 = {
						CreatedOnToolsVersion = 16.2;
						TestTargetID = 04E791102DF362F10069CBB9;
					};
				};
			};
			buildConfigurationList = 04E7910C2DF362F10069CBB9 /* Build configuration list for PBXProject "YAccounting" */;
			developmentRegion = en;
			hasScannedForEncodings = 0;
			knownRegions = (
				en,
				Base,
			);
			mainGroup = 04E791082DF362F10069CBB9;
			minimizedProjectReferenceProxies = 1;
			packageReferences = (
				0408D15F2E32C7820089742A /* XCLocalSwiftPackageReference "LottieWrapper" */,
				04D427542E3394EB00D65CC2 /* XCLocalSwiftPackageReference "Utilities" */,
			);
			preferredProjectObjectVersion = 77;
			productRefGroup = 04E791122DF362F10069CBB9 /* Products */;
			projectDirPath = "";
			projectRoot = "";
			targets = (
				04E791102DF362F10069CBB9 /* YAccounting */,
				04E791242DF362F40069CBB9 /* YAccountingTests */,
				04E7912E2DF362F40069CBB9 /* YAccountingUITests */,
			);
		};
/* End PBXProject section */

/* Begin PBXResourcesBuildPhase section */
		04E7910F2DF362F10069CBB9 /* Resources */ = {
			isa = PBXResourcesBuildPhase;
			buildActionMask = 2147483647;
			files = (
			);
			runOnlyForDeploymentPostprocessing = 0;
		};
		04E791232DF362F40069CBB9 /* Resources */ = {
			isa = PBXResourcesBuildPhase;
			buildActionMask = 2147483647;
			files = (
			);
			runOnlyForDeploymentPostprocessing = 0;
		};
		04E7912D2DF362F40069CBB9 /* Resources */ = {
			isa = PBXResourcesBuildPhase;
			buildActionMask = 2147483647;
			files = (
			);
			runOnlyForDeploymentPostprocessing = 0;
		};
/* End PBXResourcesBuildPhase section */

/* Begin PBXSourcesBuildPhase section */
		04E7910D2DF362F10069CBB9 /* Sources */ = {
			isa = PBXSourcesBuildPhase;
			buildActionMask = 2147483647;
			files = (
			);
			runOnlyForDeploymentPostprocessing = 0;
		};
		04E791212DF362F40069CBB9 /* Sources */ = {
			isa = PBXSourcesBuildPhase;
			buildActionMask = 2147483647;
			files = (
			);
			runOnlyForDeploymentPostprocessing = 0;
		};
		04E7912B2DF362F40069CBB9 /* Sources */ = {
			isa = PBXSourcesBuildPhase;
			buildActionMask = 2147483647;
			files = (
			);
			runOnlyForDeploymentPostprocessing = 0;
		};
/* End PBXSourcesBuildPhase section */

/* Begin PBXTargetDependency section */
		04E791272DF362F40069CBB9 /* PBXTargetDependency */ = {
			isa = PBXTargetDependency;
			target = 04E791102DF362F10069CBB9 /* YAccounting */;
			targetProxy = 04E791262DF362F40069CBB9 /* PBXContainerItemProxy */;
		};
		04E791312DF362F40069CBB9 /* PBXTargetDependency */ = {
			isa = PBXTargetDependency;
			target = 04E791102DF362F10069CBB9 /* YAccounting */;
			targetProxy = 04E791302DF362F40069CBB9 /* PBXContainerItemProxy */;
		};
/* End PBXTargetDependency section */

/* Begin XCBuildConfiguration section */
		04E791392DF362F40069CBB9 /* Debug */ = {
			isa = XCBuildConfiguration;
			buildSettings = {
				ASSETCATALOG_COMPILER_APPICON_NAME = AppIcon;
				ASSETCATALOG_COMPILER_GLOBAL_ACCENT_COLOR_NAME = AccentColor;
				CODE_SIGN_ENTITLEMENTS = YAccounting/YAccounting.entitlements;
				CODE_SIGN_STYLE = Automatic;
				CURRENT_PROJECT_VERSION = 1;
				DEVELOPMENT_ASSET_PATHS = "\"YAccounting/Preview Content\"";
				DEVELOPMENT_TEAM = ZR4XR5VH35;
				ENABLE_PREVIEWS = YES;
				GENERATE_INFOPLIST_FILE = YES;
				INFOPLIST_FILE = YAccounting/Info.plist;
				INFOPLIST_KEY_UIApplicationSceneManifest_Generation = YES;
				INFOPLIST_KEY_UIApplicationSupportsIndirectInputEvents = YES;
				INFOPLIST_KEY_UILaunchScreen_Generation = YES;
				INFOPLIST_KEY_UISupportedInterfaceOrientations_iPad = "UIInterfaceOrientationPortrait UIInterfaceOrientationPortraitUpsideDown UIInterfaceOrientationLandscapeLeft UIInterfaceOrientationLandscapeRight";
				INFOPLIST_KEY_UISupportedInterfaceOrientations_iPhone = "UIInterfaceOrientationPortrait UIInterfaceOrientationLandscapeLeft UIInterfaceOrientationLandscapeRight";
				LD_RUNPATH_SEARCH_PATHS = (
					"$(inherited)",
					"@executable_path/Frameworks",
				);
				MARKETING_VERSION = 1.0;
				PRODUCT_BUNDLE_IDENTIFIER = com.YAccounting.schmr;
				PRODUCT_NAME = "$(TARGET_NAME)";
				SWIFT_EMIT_LOC_STRINGS = YES;
				SWIFT_VERSION = 5.0;
				TARGETED_DEVICE_FAMILY = "1,2";
			};
			name = Debug;
		};
		04E7913A2DF362F40069CBB9 /* Release */ = {
			isa = XCBuildConfiguration;
			buildSettings = {
				ASSETCATALOG_COMPILER_APPICON_NAME = AppIcon;
				ASSETCATALOG_COMPILER_GLOBAL_ACCENT_COLOR_NAME = AccentColor;
				CODE_SIGN_ENTITLEMENTS = YAccounting/YAccounting.entitlements;
				CODE_SIGN_STYLE = Automatic;
				CURRENT_PROJECT_VERSION = 1;
				DEVELOPMENT_ASSET_PATHS = "\"YAccounting/Preview Content\"";
				DEVELOPMENT_TEAM = ZR4XR5VH35;
				ENABLE_PREVIEWS = YES;
				GENERATE_INFOPLIST_FILE = YES;
				INFOPLIST_FILE = YAccounting/Info.plist;
				INFOPLIST_KEY_UIApplicationSceneManifest_Generation = YES;
				INFOPLIST_KEY_UIApplicationSupportsIndirectInputEvents = YES;
				INFOPLIST_KEY_UILaunchScreen_Generation = YES;
				INFOPLIST_KEY_UISupportedInterfaceOrientations_iPad = "UIInterfaceOrientationPortrait UIInterfaceOrientationPortraitUpsideDown UIInterfaceOrientationLandscapeLeft UIInterfaceOrientationLandscapeRight";
				INFOPLIST_KEY_UISupportedInterfaceOrientations_iPhone = "UIInterfaceOrientationPortrait UIInterfaceOrientationLandscapeLeft UIInterfaceOrientationLandscapeRight";
				LD_RUNPATH_SEARCH_PATHS = (
					"$(inherited)",
					"@executable_path/Frameworks",
				);
				MARKETING_VERSION = 1.0;
				PRODUCT_BUNDLE_IDENTIFIER = com.YAccounting.schmr;
				PRODUCT_NAME = "$(TARGET_NAME)";
				SWIFT_EMIT_LOC_STRINGS = YES;
				SWIFT_VERSION = 5.0;
				TARGETED_DEVICE_FAMILY = "1,2";
			};
			name = Release;
		};
		04E7913B2DF362F40069CBB9 /* Debug */ = {
			isa = XCBuildConfiguration;
			buildSettings = {
				ALWAYS_SEARCH_USER_PATHS = NO;
				ASSETCATALOG_COMPILER_GENERATE_SWIFT_ASSET_SYMBOL_EXTENSIONS = YES;
				CLANG_ANALYZER_NONNULL = YES;
				CLANG_ANALYZER_NUMBER_OBJECT_CONVERSION = YES_AGGRESSIVE;
				CLANG_CXX_LANGUAGE_STANDARD = "gnu++20";
				CLANG_ENABLE_MODULES = YES;
				CLANG_ENABLE_OBJC_ARC = YES;
				CLANG_ENABLE_OBJC_WEAK = YES;
				CLANG_WARN_BLOCK_CAPTURE_AUTORELEASING = YES;
				CLANG_WARN_BOOL_CONVERSION = YES;
				CLANG_WARN_COMMA = YES;
				CLANG_WARN_CONSTANT_CONVERSION = YES;
				CLANG_WARN_DEPRECATED_OBJC_IMPLEMENTATIONS = YES;
				CLANG_WARN_DIRECT_OBJC_ISA_USAGE = YES_ERROR;
				CLANG_WARN_DOCUMENTATION_COMMENTS = YES;
				CLANG_WARN_EMPTY_BODY = YES;
				CLANG_WARN_ENUM_CONVERSION = YES;
				CLANG_WARN_INFINITE_RECURSION = YES;
				CLANG_WARN_INT_CONVERSION = YES;
				CLANG_WARN_NON_LITERAL_NULL_CONVERSION = YES;
				CLANG_WARN_OBJC_IMPLICIT_RETAIN_SELF = YES;
				CLANG_WARN_OBJC_LITERAL_CONVERSION = YES;
				CLANG_WARN_OBJC_ROOT_CLASS = YES_ERROR;
				CLANG_WARN_QUOTED_INCLUDE_IN_FRAMEWORK_HEADER = YES;
				CLANG_WARN_RANGE_LOOP_ANALYSIS = YES;
				CLANG_WARN_STRICT_PROTOTYPES = YES;
				CLANG_WARN_SUSPICIOUS_MOVE = YES;
				CLANG_WARN_UNGUARDED_AVAILABILITY = YES_AGGRESSIVE;
				CLANG_WARN_UNREACHABLE_CODE = YES;
				CLANG_WARN__DUPLICATE_METHOD_MATCH = YES;
				COPY_PHASE_STRIP = NO;
				DEBUG_INFORMATION_FORMAT = dwarf;
				ENABLE_STRICT_OBJC_MSGSEND = YES;
				ENABLE_TESTABILITY = YES;
				ENABLE_USER_SCRIPT_SANDBOXING = YES;
				GCC_C_LANGUAGE_STANDARD = gnu17;
				GCC_DYNAMIC_NO_PIC = NO;
				GCC_NO_COMMON_BLOCKS = YES;
				GCC_OPTIMIZATION_LEVEL = 0;
				GCC_PREPROCESSOR_DEFINITIONS = (
					"DEBUG=1",
					"$(inherited)",
				);
				GCC_WARN_64_TO_32_BIT_CONVERSION = YES;
				GCC_WARN_ABOUT_RETURN_TYPE = YES_ERROR;
				GCC_WARN_UNDECLARED_SELECTOR = YES;
				GCC_WARN_UNINITIALIZED_AUTOS = YES_AGGRESSIVE;
				GCC_WARN_UNUSED_FUNCTION = YES;
				GCC_WARN_UNUSED_VARIABLE = YES;
				IPHONEOS_DEPLOYMENT_TARGET = 18.2;
				LOCALIZATION_PREFERS_STRING_CATALOGS = YES;
				MTL_ENABLE_DEBUG_INFO = INCLUDE_SOURCE;
				MTL_FAST_MATH = YES;
				ONLY_ACTIVE_ARCH = YES;
				SDKROOT = iphoneos;
				SWIFT_ACTIVE_COMPILATION_CONDITIONS = "DEBUG $(inherited)";
				SWIFT_OPTIMIZATION_LEVEL = "-Onone";
			};
			name = Debug;
		};
		04E7913C2DF362F40069CBB9 /* Release */ = {
			isa = XCBuildConfiguration;
			buildSettings = {
				ALWAYS_SEARCH_USER_PATHS = NO;
				ASSETCATALOG_COMPILER_GENERATE_SWIFT_ASSET_SYMBOL_EXTENSIONS = YES;
				CLANG_ANALYZER_NONNULL = YES;
				CLANG_ANALYZER_NUMBER_OBJECT_CONVERSION = YES_AGGRESSIVE;
				CLANG_CXX_LANGUAGE_STANDARD = "gnu++20";
				CLANG_ENABLE_MODULES = YES;
				CLANG_ENABLE_OBJC_ARC = YES;
				CLANG_ENABLE_OBJC_WEAK = YES;
				CLANG_WARN_BLOCK_CAPTURE_AUTORELEASING = YES;
				CLANG_WARN_BOOL_CONVERSION = YES;
				CLANG_WARN_COMMA = YES;
				CLANG_WARN_CONSTANT_CONVERSION = YES;
				CLANG_WARN_DEPRECATED_OBJC_IMPLEMENTATIONS = YES;
				CLANG_WARN_DIRECT_OBJC_ISA_USAGE = YES_ERROR;
				CLANG_WARN_DOCUMENTATION_COMMENTS = YES;
				CLANG_WARN_EMPTY_BODY = YES;
				CLANG_WARN_ENUM_CONVERSION = YES;
				CLANG_WARN_INFINITE_RECURSION = YES;
				CLANG_WARN_INT_CONVERSION = YES;
				CLANG_WARN_NON_LITERAL_NULL_CONVERSION = YES;
				CLANG_WARN_OBJC_IMPLICIT_RETAIN_SELF = YES;
				CLANG_WARN_OBJC_LITERAL_CONVERSION = YES;
				CLANG_WARN_OBJC_ROOT_CLASS = YES_ERROR;
				CLANG_WARN_QUOTED_INCLUDE_IN_FRAMEWORK_HEADER = YES;
				CLANG_WARN_RANGE_LOOP_ANALYSIS = YES;
				CLANG_WARN_STRICT_PROTOTYPES = YES;
				CLANG_WARN_SUSPICIOUS_MOVE = YES;
				CLANG_WARN_UNGUARDED_AVAILABILITY = YES_AGGRESSIVE;
				CLANG_WARN_UNREACHABLE_CODE = YES;
				CLANG_WARN__DUPLICATE_METHOD_MATCH = YES;
				COPY_PHASE_STRIP = NO;
				DEBUG_INFORMATION_FORMAT = "dwarf-with-dsym";
				ENABLE_NS_ASSERTIONS = NO;
				ENABLE_STRICT_OBJC_MSGSEND = YES;
				ENABLE_USER_SCRIPT_SANDBOXING = YES;
				GCC_C_LANGUAGE_STANDARD = gnu17;
				GCC_NO_COMMON_BLOCKS = YES;
				GCC_WARN_64_TO_32_BIT_CONVERSION = YES;
				GCC_WARN_ABOUT_RETURN_TYPE = YES_ERROR;
				GCC_WARN_UNDECLARED_SELECTOR = YES;
				GCC_WARN_UNINITIALIZED_AUTOS = YES_AGGRESSIVE;
				GCC_WARN_UNUSED_FUNCTION = YES;
				GCC_WARN_UNUSED_VARIABLE = YES;
				IPHONEOS_DEPLOYMENT_TARGET = 18.2;
				LOCALIZATION_PREFERS_STRING_CATALOGS = YES;
				MTL_ENABLE_DEBUG_INFO = NO;
				MTL_FAST_MATH = YES;
				SDKROOT = iphoneos;
				SWIFT_COMPILATION_MODE = wholemodule;
				VALIDATE_PRODUCT = YES;
			};
			name = Release;
		};
		04E7913E2DF362F40069CBB9 /* Debug */ = {
			isa = XCBuildConfiguration;
			buildSettings = {
				BUNDLE_LOADER = "$(TEST_HOST)";
				CODE_SIGN_STYLE = Automatic;
				CURRENT_PROJECT_VERSION = 1;
				DEVELOPMENT_TEAM = ZR4XR5VH35;
				GENERATE_INFOPLIST_FILE = YES;
				IPHONEOS_DEPLOYMENT_TARGET = 18.2;
				MARKETING_VERSION = 1.0;
				PRODUCT_BUNDLE_IDENTIFIER = com.YAccountingTests;
				PRODUCT_NAME = "$(TARGET_NAME)";
				SWIFT_EMIT_LOC_STRINGS = NO;
				SWIFT_VERSION = 5.0;
				TARGETED_DEVICE_FAMILY = "1,2";
				TEST_HOST = "$(BUILT_PRODUCTS_DIR)/YAccounting.app/$(BUNDLE_EXECUTABLE_FOLDER_PATH)/YAccounting";
			};
			name = Debug;
		};
		04E7913F2DF362F40069CBB9 /* Release */ = {
			isa = XCBuildConfiguration;
			buildSettings = {
				BUNDLE_LOADER = "$(TEST_HOST)";
				CODE_SIGN_STYLE = Automatic;
				CURRENT_PROJECT_VERSION = 1;
				DEVELOPMENT_TEAM = ZR4XR5VH35;
				GENERATE_INFOPLIST_FILE = YES;
				IPHONEOS_DEPLOYMENT_TARGET = 18.2;
				MARKETING_VERSION = 1.0;
				PRODUCT_BUNDLE_IDENTIFIER = com.YAccountingTests;
				PRODUCT_NAME = "$(TARGET_NAME)";
				SWIFT_EMIT_LOC_STRINGS = NO;
				SWIFT_VERSION = 5.0;
				TARGETED_DEVICE_FAMILY = "1,2";
				TEST_HOST = "$(BUILT_PRODUCTS_DIR)/YAccounting.app/$(BUNDLE_EXECUTABLE_FOLDER_PATH)/YAccounting";
			};
			name = Release;
		};
		04E791412DF362F40069CBB9 /* Debug */ = {
			isa = XCBuildConfiguration;
			buildSettings = {
				CODE_SIGN_STYLE = Automatic;
				CURRENT_PROJECT_VERSION = 1;
				DEVELOPMENT_TEAM = ZR4XR5VH35;
				GENERATE_INFOPLIST_FILE = YES;
				MARKETING_VERSION = 1.0;
				PRODUCT_BUNDLE_IDENTIFIER = com.YAccountingUITests;
				PRODUCT_NAME = "$(TARGET_NAME)";
				SWIFT_EMIT_LOC_STRINGS = NO;
				SWIFT_VERSION = 5.0;
				TARGETED_DEVICE_FAMILY = "1,2";
				TEST_TARGET_NAME = YAccounting;
			};
			name = Debug;
		};
		04E791422DF362F40069CBB9 /* Release */ = {
			isa = XCBuildConfiguration;
			buildSettings = {
				CODE_SIGN_STYLE = Automatic;
				CURRENT_PROJECT_VERSION = 1;
				DEVELOPMENT_TEAM = ZR4XR5VH35;
				GENERATE_INFOPLIST_FILE = YES;
				MARKETING_VERSION = 1.0;
				PRODUCT_BUNDLE_IDENTIFIER = com.YAccountingUITests;
				PRODUCT_NAME = "$(TARGET_NAME)";
				SWIFT_EMIT_LOC_STRINGS = NO;
				SWIFT_VERSION = 5.0;
				TARGETED_DEVICE_FAMILY = "1,2";
				TEST_TARGET_NAME = YAccounting;
			};
			name = Release;
		};
/* End XCBuildConfiguration section */

/* Begin XCConfigurationList section */
		04E7910C2DF362F10069CBB9 /* Build configuration list for PBXProject "YAccounting" */ = {
			isa = XCConfigurationList;
			buildConfigurations = (
				04E7913B2DF362F40069CBB9 /* Debug */,
				04E7913C2DF362F40069CBB9 /* Release */,
			);
			defaultConfigurationIsVisible = 0;
			defaultConfigurationName = Release;
		};
		04E791382DF362F40069CBB9 /* Build configuration list for PBXNativeTarget "YAccounting" */ = {
			isa = XCConfigurationList;
			buildConfigurations = (
				04E791392DF362F40069CBB9 /* Debug */,
				04E7913A2DF362F40069CBB9 /* Release */,
			);
			defaultConfigurationIsVisible = 0;
			defaultConfigurationName = Release;
		};
		04E7913D2DF362F40069CBB9 /* Build configuration list for PBXNativeTarget "YAccountingTests" */ = {
			isa = XCConfigurationList;
			buildConfigurations = (
				04E7913E2DF362F40069CBB9 /* Debug */,
				04E7913F2DF362F40069CBB9 /* Release */,
			);
			defaultConfigurationIsVisible = 0;
			defaultConfigurationName = Release;
		};
		04E791402DF362F40069CBB9 /* Build configuration list for PBXNativeTarget "YAccountingUITests" */ = {
			isa = XCConfigurationList;
			buildConfigurations = (
				04E791412DF362F40069CBB9 /* Debug */,
				04E791422DF362F40069CBB9 /* Release */,
			);
			defaultConfigurationIsVisible = 0;
			defaultConfigurationName = Release;
		};
/* End XCConfigurationList section */

/* Begin XCLocalSwiftPackageReference section */
		0408D15F2E32C7820089742A /* XCLocalSwiftPackageReference "LottieWrapper" */ = {
			isa = XCLocalSwiftPackageReference;
			relativePath = LottieWrapper;
		};
		04D427542E3394EB00D65CC2 /* XCLocalSwiftPackageReference "Utilities" */ = {
			isa = XCLocalSwiftPackageReference;
			relativePath = Utilities;
		};
/* End XCLocalSwiftPackageReference section */

/* Begin XCSwiftPackageProductDependency section */
		0408D1602E32C7820089742A /* LottieWrapper */ = {
			isa = XCSwiftPackageProductDependency;
			productName = LottieWrapper;
		};
		04D427552E3394EB00D65CC2 /* PieChart */ = {
			isa = XCSwiftPackageProductDependency;
			productName = PieChart;
		};
/* End XCSwiftPackageProductDependency section */
	};
	rootObject = 04E791092DF362F10069CBB9 /* Project object */;
}
